
Microsoft Visual Studio Solution File, Format Version 12.00
# Visual Studio 15
VisualStudioVersion = 15.0.26730.16
MinimumVisualStudioVersion = 10.0.40219.1
Project("{FAE04EC0-301F-11D3-BF4B-00C04F79EFBC}") = "osu! pp thing", "osu! pp thing\osu! pp thing.csproj", "{C4F0C3A6-7A8A-48D4-83A3-9116DEE8D96C}"
EndProject
Global
	GlobalSection(SolutionConfigurationPlatforms) = preSolution
		Debug|Any CPU = Debug|Any CPU
		Release|Any CPU = Release|Any CPU
	EndGlobalSection
	GlobalSection(ProjectConfigurationPlatforms) = postSolution
		{C4F0C3A6-7A8A-48D4-83A3-9116DEE8D96C}.Debug|Any CPU.ActiveCfg = Debug|Any CPU
		{C4F0C3A6-7A8A-48D4-83A3-9116DEE8D96C}.Debug|Any CPU.Build.0 = Debug|Any CPU
		{C4F0C3A6-7A8A-48D4-83A3-9116DEE8D96C}.Release|Any CPU.ActiveCfg = Release|Any CPU
		{C4F0C3A6-7A8A-48D4-83A3-9116DEE8D96C}.Release|Any CPU.Build.0 = Release|Any CPU
	EndGlobalSection
	GlobalSection(SolutionProperties) = preSolution
		HideSolutionNode = FALSE
	EndGlobalSection
	GlobalSection(ExtensibilityGlobals) = postSolution
		SolutionGuid = {C979820C-784C-4236-83D5-E06697EE827A}
	EndGlobalSection
EndGlobal
